{
  "name": "sidewrite",
  "version": "0.3.0",
  "lockfileVersion": 3,
  "requires": true,
  "packages": {
    "": {
      "name": "sidewrite",
      "version": "0.3.0",
      "hasInstallScript": true,
      "license": "Apache-2.0",
      "bin": {
        "ccx": "bin/ccx",
        "side": "bin/sidewrite",
        "sidewrite": "bin/sidewrite",
        "sw": "bin/sidewrite"
      },
      "engines": {
        "node": ">=22.5.0"
      }
    }
  }
}
